// !$*UTF8*$!
{
	archiveVersion = 1;
	classes = {
	};
	objectVersion = 46;
	objects = {

/* Begin PBXBuildFile section */
		0B276A0D1BEC9BCA00485767 /* main.m in Sources */ = {isa = PBXBuildFile; fileRef = 0B276A0C1BEC9BCA00485767 /* main.m */; };
		0B276A101BEC9BCA00485767 /* AppDelegate.m in Sources */ = {isa = PBXBuildFile; fileRef = 0B276A0F1BEC9BCA00485767 /* AppDelegate.m */; };
		0B276A131BEC9BCA00485767 /* ViewController.m in Sources */ = {isa = PBXBuildFile; fileRef = 0B276A121BEC9BCA00485767 /* ViewController.m */; };
		0B276A161BEC9BCA00485767 /* Main.storyboard in Resources */ = {isa = PBXBuildFile; fileRef = 0B276A141BEC9BCA00485767 /* Main.storyboard */; };
		0B276A181BEC9BCA00485767 /* Assets.xcassets in Resources */ = {isa = PBXBuildFile; fileRef = 0B276A171BEC9BCA00485767 /* Assets.xcassets */; };
		0B276A1B1BEC9BCA00485767 /* LaunchScreen.storyboard in Resources */ = {isa = PBXBuildFile; fileRef = 0B276A191BEC9BCA00485767 /* LaunchScreen.storyboard */; };
		0B276A241BEC9BF100485767 /* RunLoopBanner.m in Sources */ = {isa = PBXBuildFile; fileRef = 0B276A231BEC9BF100485767 /* RunLoopBanner.m */; settings = {ASSET_TAGS = (); }; };
		0B276A281BECA29800485767 /* maoyeye.jpg in Resources */ = {isa = PBXBuildFile; fileRef = 0B276A271BECA29800485767 /* maoyeye.jpg */; settings = {ASSET_TAGS = (); }; };
		0B276A2C1BECA2CD00485767 /* 1.jpg in Resources */ = {isa = PBXBuildFile; fileRef = 0B276A2B1BECA2CD00485767 /* 1.jpg */; settings = {ASSET_TAGS = (); }; };
		0B276A2E1BECA2D200485767 /* fq.jpg in Resources */ = {isa = PBXBuildFile; fileRef = 0B276A2D1BECA2D200485767 /* fq.jpg */; settings = {ASSET_TAGS = (); }; };
/* End PBXBuildFile section */

/* Begin PBXFileReference section */
		0B276A081BEC9BCA00485767 /* RunLoopBanner.app */ = {isa = PBXFileReference; explicitFileType = wrapper.application; includeInIndex = 0; path = RunLoopBanner.app; sourceTree = BUILT_PRODUCTS_DIR; };
		0B276A0C1BEC9BCA00485767 /* main.m */ = {isa = PBXFileReference; lastKnownFileType = sourcecode.c.objc; path = main.m; sourceTree = "<group>"; };
		0B276A0E1BEC9BCA00485767 /* AppDelegate.h */ = {isa = PBXFileReference; lastKnownFileType = sourcecode.c.h; path = AppDelegate.h; sourceTree = "<group>"; };
		0B276A0F1BEC9BCA00485767 /* AppDelegate.m */ = {isa = PBXFileReference; lastKnownFileType = sourcecode.c.objc; path = AppDelegate.m; sourceTree = "<group>"; };
		0B276A111BEC9BCA00485767 /* ViewController.h */ = {isa = PBXFileReference; lastKnownFileType = sourcecode.c.h; path = ViewController.h; sourceTree = "<group>"; };
		0B276A121BEC9BCA00485767 /* ViewController.m */ = {isa = PBXFileReference; lastKnownFileType = sourcecode.c.objc; path = ViewController.m; sourceTree = "<group>"; };
		0B276A151BEC9BCA00485767 /* Base */ = {isa = PBXFileReference; lastKnownFileType = file.storyboard; name = Base; path = Base.lproj/Main.storyboard; sourceTree = "<group>"; };
		0B276A171BEC9BCA00485767 /* Assets.xcassets */ = {isa = PBXFileReference; lastKnownFileType = folder.assetcatalog; path = Assets.xcassets; sourceTree = "<group>"; };
		0B276A1A1BEC9BCA00485767 /* Base */ = {isa = PBXFileReference; lastKnownFileType = file.storyboard; name = Base; path = Base.lproj/LaunchScreen.storyboard; sourceTree = "<group>"; };
		0B276A1C1BEC9BCA00485767 /* Info.plist */ = {isa = PBXFileReference; lastKnownFileType = text.plist.xml; path = Info.plist; sourceTree = "<group>"; };
		0B276A221BEC9BF100485767 /* RunLoopBanner.h */ = {isa = PBXFileReference; fileEncoding = 4; lastKnownFileType = sourcecode.c.h; path = RunLoopBanner.h; sourceTree = "<group>"; };
		0B276A231BEC9BF100485767 /* RunLoopBanner.m */ = {isa = PBXFileReference; fileEncoding = 4; lastKnownFileType = sourcecode.c.objc; path = RunLoopBanner.m; sourceTree = "<group>"; };
		0B276A271BECA29800485767 /* maoyeye.jpg */ = {isa = PBXFileReference; lastKnownFileType = image.jpeg; path = maoyeye.jpg; sourceTree = "<group>"; };
		0B276A2B1BECA2CD00485767 /* 1.jpg */ = {isa = PBXFileReference; lastKnownFileType = image.jpeg; path = 1.jpg; sourceTree = "<group>"; };
		0B276A2D1BECA2D200485767 /* fq.jpg */ = {isa = PBXFileReference; lastKnownFileType = image.jpeg; path = fq.jpg; sourceTree = "<group>"; };
/* End PBXFileReference section */

/* Begin PBXFrameworksBuildPhase section */
		0B276A051BEC9BCA00485767 /* Frameworks */ = {
			isa = PBXFrameworksBuildPhase;
			buildActionMask = 2147483647;
			files = (
			);
			runOnlyForDeploymentPostprocessing = 0;
		};
/* End PBXFrameworksBuildPhase section */

/* Begin PBXGroup section */
		0B2769FF1BEC9BCA00485767 = {
			isa = PBXGroup;
			children = (
				0B276A0A1BEC9BCA00485767 /* RunLoopBanner */,
				0B276A091BEC9BCA00485767 /* Products */,
			);
			sourceTree = "<group>";
		};
		0B276A091BEC9BCA00485767 /* Products */ = {
			isa = PBXGroup;
			children = (
				0B276A081BEC9BCA00485767 /* RunLoopBanner.app */,
			);
			name = Products;
			sourceTree = "<group>";
		};
		0B276A0A1BEC9BCA00485767 /* RunLoopBanner */ = {
			isa = PBXGroup;
			children = (
				0B276A2B1BECA2CD00485767 /* 1.jpg */,
				0B276A2D1BECA2D200485767 /* fq.jpg */,
				0B276A271BECA29800485767 /* maoyeye.jpg */,
				0B276A0E1BEC9BCA00485767 /* AppDelegate.h */,
				0B276A0F1BEC9BCA00485767 /* AppDelegate.m */,
				0B276A111BEC9BCA00485767 /* ViewController.h */,
				0B276A121BEC9BCA00485767 /* ViewController.m */,
				0B276A141BEC9BCA00485767 /* Main.storyboard */,
				0B276A171BEC9BCA00485767 /* Assets.xcassets */,
				0B276A191BEC9BCA00485767 /* LaunchScreen.storyboard */,
				0B276A1C1BEC9BCA00485767 /* Info.plist */,
				0B276A0B1BEC9BCA00485767 /* Supporting Files */,
				0B276A221BEC9BF100485767 /* RunLoopBanner.h */,
				0B276A231BEC9BF100485767 /* RunLoopBanner.m */,
			);
			path = RunLoopBanner;
			sourceTree = "<group>";
		};
		0B276A0B1BEC9BCA00485767 /* Supporting Files */ = {
			isa = PBXGroup;
			children = (
				0B276A0C1BEC9BCA00485767 /* main.m */,
			);
			name = "Supporting Files";
			sourceTree = "<group>";
		};
/* End PBXGroup section */

/* Begin PBXNativeTarget section */
		0B276A071BEC9BCA00485767 /* RunLoopBanner */ = {
			isa = PBXNativeTarget;
			buildConfigurationList = 0B276A1F1BEC9BCA00485767 /* Build configuration list for PBXNativeTarget "RunLoopBanner" */;
			buildPhases = (
				0B276A041BEC9BCA00485767 /* Sources */,
				0B276A051BEC9BCA00485767 /* Frameworks */,
				0B276A061BEC9BCA00485767 /* Resources */,
			);
			buildRules = (
			);
			dependencies = (
			);
			name = RunLoopBanner;
			productName = RunLoopBanner;
			productReference = 0B276A081BEC9BCA00485767 /* RunLoopBanner.app */;
			productType = "com.apple.product-type.application";
		};
/* End PBXNativeTarget section */

/* Begin PBXProject section */
		0B276A001BEC9BCA00485767 /* Project object */ = {
			isa = PBXProject;
			attributes = {
				LastUpgradeCheck = 0700;
				ORGANIZATIONNAME = "魏鹏";
				TargetAttributes = {
					0B276A071BEC9BCA00485767 = {
						CreatedOnToolsVersion = 7.0.1;
					};
				};
			};
			buildConfigurationList = 0B276A031BEC9BCA00485767 /* Build configuration list for PBXProject "RunLoopBanner" */;
			compatibilityVersion = "Xcode 3.2";
			developmentRegion = English;
			hasScannedForEncodings = 0;
			knownRegions = (
				en,
				Base,
			);
			mainGroup = 0B2769FF1BEC9BCA00485767;
			productRefGroup = 0B276A091BEC9BCA00485767 /* Products */;
			projectDirPath = "";
			projectRoot = "";
			targets = (
				0B276A071BEC9BCA00485767 /* RunLoopBanner */,
			);
		};
/* End PBXProject section */

/* Begin PBXResourcesBuildPhase section */
		0B276A061BEC9BCA00485767 /* Resources */ = {
			isa = PBXResourcesBuildPhase;
			buildActionMask = 2147483647;
			files = (
				0B276A1B1BEC9BCA00485767 /* LaunchScreen.storyboard in Resources */,
				0B276A181BEC9BCA00485767 /* Assets.xcassets in Resources */,
				0B276A281BECA29800485767 /* maoyeye.jpg in Resources */,
				0B276A161BEC9BCA00485767 /* Main.storyboard in Resources */,
				0B276A2E1BECA2D200485767 /* fq.jpg in Resources */,
				0B276A2C1BECA2CD00485767 /* 1.jpg in Resources */,
			);
			runOnlyForDeploymentPostprocessing = 0;
		};
/* End PBXResourcesBuildPhase section */

/* Begin PBXSourcesBuildPhase section */
		0B276A041BEC9BCA00485767 /* Sources */ = {
			isa = PBXSourcesBuildPhase;
			buildActionMask = 2147483647;
			files = (
				0B276A131BEC9BCA00485767 /* ViewController.m in Sources */,
				0B276A101BEC9BCA00485767 /* AppDelegate.m in Sources */,
				0B276A0D1BEC9BCA00485767 /* main.m in Sources */,
				0B276A241BEC9BF100485767 /* RunLoopBanner.m in Sources */,
			);
			runOnlyForDeploymentPostprocessing = 0;
		};
/* End PBXSourcesBuildPhase section */

/* Begin PBXVariantGroup section */
		0B276A141BEC9BCA00485767 /* Main.storyboard */ = {
			isa = PBXVariantGroup;
			children = (
				0B276A151BEC9BCA00485767 /* Base */,
			);
			name = Main.storyboard;
			sourceTree = "<group>";
		};
		0B276A191BEC9BCA00485767 /* LaunchScreen.storyboard */ = {
			isa = PBXVariantGroup;
			children = (
				0B276A1A1BEC9BCA00485767 /* Base */,
			);
			name = LaunchScreen.storyboard;
			sourceTree = "<group>";
		};
/* End PBXVariantGroup section */

/* Begin XCBuildConfiguration section */
		0B276A1D1BEC9BCA00485767 /* Debug */ = {
			isa = XCBuildConfiguration;
			buildSettings = {
				ALWAYS_SEARCH_USER_PATHS = NO;
				CLANG_CXX_LANGUAGE_STANDARD = "gnu++0x";
				CLANG_CXX_LIBRARY = "libc++";
				CLANG_ENABLE_MODULES = YES;
				CLANG_ENABLE_OBJC_ARC = YES;
				CLANG_WARN_BOOL_CONVERSION = YES;
				CLANG_WARN_CONSTANT_CONVERSION = YES;
				CLANG_WARN_DIRECT_OBJC_ISA_USAGE = YES_ERROR;
				CLANG_WARN_EMPTY_BODY = YES;
				CLANG_WARN_ENUM_CONVERSION = YES;
				CLANG_WARN_INT_CONVERSION = YES;
				CLANG_WARN_OBJC_ROOT_CLASS = YES_ERROR;
				CLANG_WARN_UNREACHABLE_CODE = YES;
				CLANG_WARN__DUPLICATE_METHOD_MATCH = YES;
				"CODE_SIGN_IDENTITY[sdk=iphoneos*]" = "iPhone Developer";
				COPY_PHASE_STRIP = NO;
				DEBUG_INFORMATION_FORMAT = dwarf;
				ENABLE_STRICT_OBJC_MSGSEND = YES;
				ENABLE_TESTABILITY = YES;
				GCC_C_LANGUAGE_STANDARD = gnu99;
				GCC_DYNAMIC_NO_PIC = NO;
				GCC_NO_COMMON_BLOCKS = YES;
				GCC_OPTIMIZATION_LEVEL = 0;
				GCC_PREPROCESSOR_DEFINITIONS = (
					"DEBUG=1",
					"$(inherited)",
				);
				GCC_WARN_64_TO_32_BIT_CONVERSION = YES;
				GCC_WARN_ABOUT_RETURN_TYPE = YES_ERROR;
				GCC_WARN_UNDECLARED_SELECTOR = YES;
				GCC_WARN_UNINITIALIZED_AUTOS = YES_AGGRESSIVE;
				GCC_WARN_UNUSED_FUNCTION = YES;
				GCC_WARN_UNUSED_VARIABLE = YES;
				IPHONEOS_DEPLOYMENT_TARGET = 9.0;
				MTL_ENABLE_DEBUG_INFO = YES;
				ONLY_ACTIVE_ARCH = YES;
				SDKROOT = iphoneos;
			};
			name = Debug;
		};
		0B276A1E1BEC9BCA00485767 /* Release */ = {
			isa = XCBuildConfiguration;
			buildSettings = {
				ALWAYS_SEARCH_USER_PATHS = NO;
				CLANG_CXX_LANGUAGE_STANDARD = "gnu++0x";
				CLANG_CXX_LIBRARY = "libc++";
				CLANG_ENABLE_MODULES = YES;
				CLANG_ENABLE_OBJC_ARC = YES;
				CLANG_WARN_BOOL_CONVERSION = YES;
				CLANG_WARN_CONSTANT_CONVERSION = YES;
				CLANG_WARN_DIRECT_OBJC_ISA_USAGE = YES_ERROR;
				CLANG_WARN_EMPTY_BODY = YES;
				CLANG_WARN_ENUM_CONVERSION = YES;
				CLANG_WARN_INT_CONVERSION = YES;
				CLANG_WARN_OBJC_ROOT_CLASS = YES_ERROR;
				CLANG_WARN_UNREACHABLE_CODE = YES;
				CLANG_WARN__DUPLICATE_METHOD_MATCH = YES;
				"CODE_SIGN_IDENTITY[sdk=iphoneos*]" = "iPhone Developer";
				COPY_PHASE_STRIP = NO;
				DEBUG_INFORMATION_FORMAT = "dwarf-with-dsym";
				ENABLE_NS_ASSERTIONS = NO;
				ENABLE_STRICT_OBJC_MSGSEND = YES;
				GCC_C_LANGUAGE_STANDARD = gnu99;
				GCC_NO_COMMON_BLOCKS = YES;
				GCC_WARN_64_TO_32_BIT_CONVERSION = YES;
				GCC_WARN_ABOUT_RETURN_TYPE = YES_ERROR;
				GCC_WARN_UNDECLARED_SELECTOR = YES;
				GCC_WARN_UNINITIALIZED_AUTOS = YES_AGGRESSIVE;
				GCC_WARN_UNUSED_FUNCTION = YES;
				GCC_WARN_UNUSED_VARIABLE = YES;
				IPHONEOS_DEPLOYMENT_TARGET = 9.0;
				MTL_ENABLE_DEBUG_INFO = NO;
				SDKROOT = iphoneos;
				VALIDATE_PRODUCT = YES;
			};
			name = Release;
		};
		0B276A201BEC9BCA00485767 /* Debug */ = {
			isa = XCBuildConfiguration;
			buildSettings = {
				ASSETCATALOG_COMPILER_APPICON_NAME = AppIcon;
				INFOPLIST_FILE = RunLoopBanner/Info.plist;
				LD_RUNPATH_SEARCH_PATHS = "$(inherited) @executable_path/Frameworks";
				PRODUCT_BUNDLE_IDENTIFIER = com.wjp.RunLoopBanner;
				PRODUCT_NAME = "$(TARGET_NAME)";
			};
			name = Debug;
		};
		0B276A211BEC9BCA00485767 /* Release */ = {
			isa = XCBuildConfiguration;
			buildSettings = {
				ASSETCATALOG_COMPILER_APPICON_NAME = AppIcon;
				INFOPLIST_FILE = RunLoopBanner/Info.plist;
				LD_RUNPATH_SEARCH_PATHS = "$(inherited) @executable_path/Frameworks";
				PRODUCT_BUNDLE_IDENTIFIER = com.wjp.RunLoopBanner;
				PRODUCT_NAME = "$(TARGET_NAME)";
			};
			name = Release;
		};
/* End XCBuildConfiguration section */

/* Begin XCConfigurationList section */
		0B276A031BEC9BCA00485767 /* Build configuration list for PBXProject "RunLoopBanner" */ = {
			isa = XCConfigurationList;
			buildConfigurations = (
				0B276A1D1BEC9BCA00485767 /* Debug */,
				0B276A1E1BEC9BCA00485767 /* Release */,
			);
			defaultConfigurationIsVisible = 0;
			defaultConfigurationName = Release;
		};
		0B276A1F1BEC9BCA00485767 /* Build configuration list for PBXNativeTarget "RunLoopBanner" */ = {
			isa = XCConfigurationList;
			buildConfigurations = (
				0B276A201BEC9BCA00485767 /* Debug */,
				0B276A211BEC9BCA00485767 /* Release */,
			);
			defaultConfigurationIsVisible = 0;
		};
/* End XCConfigurationList section */
	};
	rootObject = 0B276A001BEC9BCA00485767 /* Project object */;
}
